// !$*UTF8*$!
{
	archiveVersion = 1;
	classes = {
	};
	objectVersion = 77;
	objects = {

/* Begin PBXContainerItemProxy section */
		8C6628DA2E6C526D00EEE097 /* PBXContainerItemProxy */ = {
			isa = PBXContainerItemProxy;
			containerPortal = 8C6628C42E6C526B00EEE097 /* Project object */;
			proxyType = 1;
			remoteGlobalIDString = 8C6628CB2E6C526B00EEE097;
			remoteInfo = EmojiCam;
		};
		8C6628E42E6C526D00EEE097 /* PBXContainerItemProxy */ = {
			isa = PBXContainerItemProxy;
			containerPortal = 8C6628C42E6C526B00EEE097 /* Project object */;
			proxyType = 1;
			remoteGlobalIDString = 8C6628CB2E6C526B00EEE097;
			remoteInfo = EmojiCam;
		};
/* End PBXContainerItemProxy section */

/* Begin PBXFileReference section */
		8C6628CC2E6C526B00EEE097 /* EmojiCam.app */ = {isa = PBXFileReference; explicitFileType = wrapper.application; includeInIndex = 0; path = EmojiCam.app; sourceTree = BUILT_PRODUCTS_DIR; };
		8C6628D92E6C526D00EEE097 /* EmojiCamTests.xctest */ = {isa = PBXFileReference; explicitFileType = wrapper.cfbundle; includeInIndex = 0; path = EmojiCamTests.xctest; sourceTree = BUILT_PRODUCTS_DIR; };
		8C6628E32E6C526D00EEE097 /* EmojiCamUITests.xctest */ = {isa = PBXFileReference; explicitFileType = wrapper.cfbundle; includeInIndex = 0; path = EmojiCamUITests.xctest; sourceTree = BUILT_PRODUCTS_DIR; };
/* End PBXFileReference section */

/* Begin PBXFileSystemSynchronizedRootGroup section */
		8C6628CE2E6C526B00EEE097 /* EmojiCam */ = {
			isa = PBXFileSystemSynchronizedRootGroup;
			path = EmojiCam;
			sourceTree = "<group>";
		};
		8C6628DC2E6C526D00EEE097 /* EmojiCamTests */ = {
			isa = PBXFileSystemSynchronizedRootGroup;
			path = EmojiCamTests;
			sourceTree = "<group>";
		};
		8C6628E62E6C526D00EEE097 /* EmojiCamUITests */ = {
			isa = PBXFileSystemSynchronizedRootGroup;
			path = EmojiCamUITests;
			sourceTree = "<group>";
		};
/* End PBXFileSystemSynchronizedRootGroup section */

/* Begin PBXFrameworksBuildPhase section */
		8C6628C92E6C526B00EEE097 /* Frameworks */ = {
			isa = PBXFrameworksBuildPhase;
			buildActionMask = 2147483647;
			files = (
			);
			runOnlyForDeploymentPostprocessing = 0;
		};
		8C6628D62E6C526D00EEE097 /* Frameworks */ = {
			isa = PBXFrameworksBuildPhase;
			buildActionMask = 2147483647;
			files = (
			);
			runOnlyForDeploymentPostprocessing = 0;
		};
		8C6628E02E6C526D00EEE097 /* Frameworks */ = {
			isa = PBXFrameworksBuildPhase;
			buildActionMask = 2147483647;
			files = (
			);
			runOnlyForDeploymentPostprocessing = 0;
		};
/* End PBXFrameworksBuildPhase section */

/* Begin PBXGroup section */
		8C6628C32E6C526B00EEE097 = {
			isa = PBXGroup;
			children = (
				8C6628CE2E6C526B00EEE097 /* EmojiCam */,
				8C6628DC2E6C526D00EEE097 /* EmojiCamTests */,
				8C6628E62E6C526D00EEE097 /* EmojiCamUITests */,
				8C6628CD2E6C526B00EEE097 /* Products */,
			);
			sourceTree = "<group>";
		};
		8C6628CD2E6C526B00EEE097 /* Products */ = {
			isa = PBXGroup;
			children = (
				8C6628CC2E6C526B00EEE097 /* EmojiCam.app */,
				8C6628D92E6C526D00EEE097 /* EmojiCamTests.xctest */,
				8C6628E32E6C526D00EEE097 /* EmojiCamUITests.xctest */,
			);
			name = Products;
			sourceTree = "<group>";
		};
/* End PBXGroup section */

/* Begin PBXNativeTarget section */
		8C6628CB2E6C526B00EEE097 /* EmojiCam */ = {
			isa = PBXNativeTarget;
			buildConfigurationList = 8C6628ED2E6C526D00EEE097 /* Build configuration list for PBXNativeTarget "EmojiCam" */;
			buildPhases = (
				8C6628C82E6C526B00EEE097 /* Sources */,
				8C6628C92E6C526B00EEE097 /* Frameworks */,
				8C6628CA2E6C526B00EEE097 /* Resources */,
			);
			buildRules = (
			);
			dependencies = (
			);
			fileSystemSynchronizedGroups = (
				8C6628CE2E6C526B00EEE097 /* EmojiCam */,
			);
			name = EmojiCam;
			packageProductDependencies = (
			);
			productName = EmojiCam;
			productReference = 8C6628CC2E6C526B00EEE097 /* EmojiCam.app */;
			productType = "com.apple.product-type.application";
		};
		8C6628D82E6C526D00EEE097 /* EmojiCamTests */ = {
			isa = PBXNativeTarget;
			buildConfigurationList = 8C6628F02E6C526D00EEE097 /* Build configuration list for PBXNativeTarget "EmojiCamTests" */;
			buildPhases = (
				8C6628D52E6C526D00EEE097 /* Sources */,
				8C6628D62E6C526D00EEE097 /* Frameworks */,
				8C6628D72E6C526D00EEE097 /* Resources */,
			);
			buildRules = (
			);
			dependencies = (
				8C6628DB2E6C526D00EEE097 /* PBXTargetDependency */,
			);
			fileSystemSynchronizedGroups = (
				8C6628DC2E6C526D00EEE097 /* EmojiCamTests */,
			);
			name = EmojiCamTests;
			packageProductDependencies = (
			);
			productName = EmojiCamTests;
			productReference = 8C6628D92E6C526D00EEE097 /* EmojiCamTests.xctest */;
			productType = "com.apple.product-type.bundle.unit-test";
		};
		8C6628E22E6C526D00EEE097 /* EmojiCamUITests */ = {
			isa = PBXNativeTarget;
			buildConfigurationList = 8C6628F32E6C526D00EEE097 /* Build configuration list for PBXNativeTarget "EmojiCamUITests" */;
			buildPhases = (
				8C6628DF2E6C526D00EEE097 /* Sources */,
				8C6628E02E6C526D00EEE097 /* Frameworks */,
				8C6628E12E6C526D00EEE097 /* Resources */,
			);
			buildRules = (
			);
			dependencies = (
				8C6628E52E6C526D00EEE097 /* PBXTargetDependency */,
			);
			fileSystemSynchronizedGroups = (
				8C6628E62E6C526D00EEE097 /* EmojiCamUITests */,
			);
			name = EmojiCamUITests;
			packageProductDependencies = (
			);
			productName = EmojiCamUITests;
			productReference = 8C6628E32E6C526D00EEE097 /* EmojiCamUITests.xctest */;
			productType = "com.apple.product-type.bundle.ui-testing";
		};
/* End PBXNativeTarget section */

/* Begin PBXProject section */
		8C6628C42E6C526B00EEE097 /* Project object */ = {
			isa = PBXProject;
			attributes = {
				BuildIndependentTargetsInParallel = 1;
				LastSwiftUpdateCheck = 2600;
				LastUpgradeCheck = 2600;
				TargetAttributes = {
					8C6628CB2E6C526B00EEE097 = {
						CreatedOnToolsVersion = 26.0;
					};
					8C6628D82E6C526D00EEE097 = {
						CreatedOnToolsVersion = 26.0;
						TestTargetID = 8C6628CB2E6C526B00EEE097;
					};
					8C6628E22E6C526D00EEE097 = {
						CreatedOnToolsVersion = 26.0;
						TestTargetID = 8C6628CB2E6C526B00EEE097;
					};
				};
			};
			buildConfigurationList = 8C6628C72E6C526B00EEE097 /* Build configuration list for PBXProject "EmojiCam" */;
			developmentRegion = en;
			hasScannedForEncodings = 0;
			knownRegions = (
				en,
				Base,
			);
			mainGroup = 8C6628C32E6C526B00EEE097;
			minimizedProjectReferenceProxies = 1;
			preferredProjectObjectVersion = 77;
			productRefGroup = 8C6628CD2E6C526B00EEE097 /* Products */;
			projectDirPath = "";
			projectRoot = "";
			targets = (
				8C6628CB2E6C526B00EEE097 /* EmojiCam */,
				8C6628D82E6C526D00EEE097 /* EmojiCamTests */,
				8C6628E22E6C526D00EEE097 /* EmojiCamUITests */,
			);
		};
/* End PBXProject section */

/* Begin PBXResourcesBuildPhase section */
		8C6628CA2E6C526B00EEE097 /* Resources */ = {
			isa = PBXResourcesBuildPhase;
			buildActionMask = 2147483647;
			files = (
			);
			runOnlyForDeploymentPostprocessing = 0;
		};
		8C6628D72E6C526D00EEE097 /* Resources */ = {
			isa = PBXResourcesBuildPhase;
			buildActionMask = 2147483647;
			files = (
			);
			runOnlyForDeploymentPostprocessing = 0;
		};
		8C6628E12E6C526D00EEE097 /* Resources */ = {
			isa = PBXResourcesBuildPhase;
			buildActionMask = 2147483647;
			files = (
			);
			runOnlyForDeploymentPostprocessing = 0;
		};
/* End PBXResourcesBuildPhase section */

/* Begin PBXSourcesBuildPhase section */
		8C6628C82E6C526B00EEE097 /* Sources */ = {
			isa = PBXSourcesBuildPhase;
			buildActionMask = 2147483647;
			files = (
			);
			runOnlyForDeploymentPostprocessing = 0;
		};
		8C6628D52E6C526D00EEE097 /* Sources */ = {
			isa = PBXSourcesBuildPhase;
			buildActionMask = 2147483647;
			files = (
			);
			runOnlyForDeploymentPostprocessing = 0;
		};
		8C6628DF2E6C526D00EEE097 /* Sources */ = {
			isa = PBXSourcesBuildPhase;
			buildActionMask = 2147483647;
			files = (
			);
			runOnlyForDeploymentPostprocessing = 0;
		};
/* End PBXSourcesBuildPhase section */

/* Begin PBXTargetDependency section */
		8C6628DB2E6C526D00EEE097 /* PBXTargetDependency */ = {
			isa = PBXTargetDependency;
			target = 8C6628CB2E6C526B00EEE097 /* EmojiCam */;
			targetProxy = 8C6628DA2E6C526D00EEE097 /* PBXContainerItemProxy */;
		};
		8C6628E52E6C526D00EEE097 /* PBXTargetDependency */ = {
			isa = PBXTargetDependency;
			target = 8C6628CB2E6C526B00EEE097 /* EmojiCam */;
			targetProxy = 8C6628E42E6C526D00EEE097 /* PBXContainerItemProxy */;
		};
/* End PBXTargetDependency section */

/* Begin XCBuildConfiguration section */
		8C6628EB2E6C526D00EEE097 /* Debug */ = {
			isa = XCBuildConfiguration;
			buildSettings = {
				ALWAYS_SEARCH_USER_PATHS = NO;
				ASSETCATALOG_COMPILER_GENERATE_SWIFT_ASSET_SYMBOL_EXTENSIONS = YES;
				CLANG_ANALYZER_NONNULL = YES;
				CLANG_ANALYZER_NUMBER_OBJECT_CONVERSION = YES_AGGRESSIVE;
				CLANG_CXX_LANGUAGE_STANDARD = "gnu++20";
				CLANG_ENABLE_MODULES = YES;
				CLANG_ENABLE_OBJC_ARC = YES;
				CLANG_ENABLE_OBJC_WEAK = YES;
				CLANG_WARN_BLOCK_CAPTURE_AUTORELEASING = YES;
				CLANG_WARN_BOOL_CONVERSION = YES;
				CLANG_WARN_COMMA = YES;
				CLANG_WARN_CONSTANT_CONVERSION = YES;
				CLANG_WARN_DEPRECATED_OBJC_IMPLEMENTATIONS = YES;
				CLANG_WARN_DIRECT_OBJC_ISA_USAGE = YES_ERROR;
				CLANG_WARN_DOCUMENTATION_COMMENTS = YES;
				CLANG_WARN_EMPTY_BODY = YES;
				CLANG_WARN_ENUM_CONVERSION = YES;
				CLANG_WARN_INFINITE_RECURSION = YES;
				CLANG_WARN_INT_CONVERSION = YES;
				CLANG_WARN_NON_LITERAL_NULL_CONVERSION = YES;
				CLANG_WARN_OBJC_IMPLICIT_RETAIN_SELF = YES;
				CLANG_WARN_OBJC_LITERAL_CONVERSION = YES;
				CLANG_WARN_OBJC_ROOT_CLASS = YES_ERROR;
				CLANG_WARN_QUOTED_INCLUDE_IN_FRAMEWORK_HEADER = YES;
				CLANG_WARN_RANGE_LOOP_ANALYSIS = YES;
				CLANG_WARN_STRICT_PROTOTYPES = YES;
				CLANG_WARN_SUSPICIOUS_MOVE = YES;
				CLANG_WARN_UNGUARDED_AVAILABILITY = YES_AGGRESSIVE;
				CLANG_WARN_UNREACHABLE_CODE = YES;
				CLANG_WARN__DUPLICATE_METHOD_MATCH = YES;
				COPY_PHASE_STRIP = NO;
				DEBUG_INFORMATION_FORMAT = dwarf;
				DEVELOPMENT_TEAM = 84TRSZD4QB;
				ENABLE_STRICT_OBJC_MSGSEND = YES;
				ENABLE_TESTABILITY = YES;
				ENABLE_USER_SCRIPT_SANDBOXING = YES;
				GCC_C_LANGUAGE_STANDARD = gnu17;
				GCC_DYNAMIC_NO_PIC = NO;
				GCC_NO_COMMON_BLOCKS = YES;
				GCC_OPTIMIZATION_LEVEL = 0;
				GCC_PREPROCESSOR_DEFINITIONS = (
					"DEBUG=1",
					"$(inherited)",
				);
				GCC_WARN_64_TO_32_BIT_CONVERSION = YES;
				GCC_WARN_ABOUT_RETURN_TYPE = YES_ERROR;
				GCC_WARN_UNDECLARED_SELECTOR = YES;
				GCC_WARN_UNINITIALIZED_AUTOS = YES_AGGRESSIVE;
				GCC_WARN_UNUSED_FUNCTION = YES;
				GCC_WARN_UNUSED_VARIABLE = YES;
				IPHONEOS_DEPLOYMENT_TARGET = 26.0;
				LOCALIZATION_PREFERS_STRING_CATALOGS = YES;
				MTL_ENABLE_DEBUG_INFO = INCLUDE_SOURCE;
				MTL_FAST_MATH = YES;
				ONLY_ACTIVE_ARCH = YES;
				SDKROOT = iphoneos;
				SWIFT_ACTIVE_COMPILATION_CONDITIONS = "DEBUG $(inherited)";
				SWIFT_OPTIMIZATION_LEVEL = "-Onone";
			};
			name = Debug;
		};
		8C6628EC2E6C526D00EEE097 /* Release */ = {
			isa = XCBuildConfiguration;
			buildSettings = {
				ALWAYS_SEARCH_USER_PATHS = NO;
				ASSETCATALOG_COMPILER_GENERATE_SWIFT_ASSET_SYMBOL_EXTENSIONS = YES;
				CLANG_ANALYZER_NONNULL = YES;
				CLANG_ANALYZER_NUMBER_OBJECT_CONVERSION = YES_AGGRESSIVE;
				CLANG_CXX_LANGUAGE_STANDARD = "gnu++20";
				CLANG_ENABLE_MODULES = YES;
				CLANG_ENABLE_OBJC_ARC = YES;
				CLANG_ENABLE_OBJC_WEAK = YES;
				CLANG_WARN_BLOCK_CAPTURE_AUTORELEASING = YES;
				CLANG_WARN_BOOL_CONVERSION = YES;
				CLANG_WARN_COMMA = YES;
				CLANG_WARN_CONSTANT_CONVERSION = YES;
				CLANG_WARN_DEPRECATED_OBJC_IMPLEMENTATIONS = YES;
				CLANG_WARN_DIRECT_OBJC_ISA_USAGE = YES_ERROR;
				CLANG_WARN_DOCUMENTATION_COMMENTS = YES;
				CLANG_WARN_EMPTY_BODY = YES;
				CLANG_WARN_ENUM_CONVERSION = YES;
				CLANG_WARN_INFINITE_RECURSION = YES;
				CLANG_WARN_INT_CONVERSION = YES;
				CLANG_WARN_NON_LITERAL_NULL_CONVERSION = YES;
				CLANG_WARN_OBJC_IMPLICIT_RETAIN_SELF = YES;
				CLANG_WARN_OBJC_LITERAL_CONVERSION = YES;
				CLANG_WARN_OBJC_ROOT_CLASS = YES_ERROR;
				CLANG_WARN_QUOTED_INCLUDE_IN_FRAMEWORK_HEADER = YES;
				CLANG_WARN_RANGE_LOOP_ANALYSIS = YES;
				CLANG_WARN_STRICT_PROTOTYPES = YES;
				CLANG_WARN_SUSPICIOUS_MOVE = YES;
				CLANG_WARN_UNGUARDED_AVAILABILITY = YES_AGGRESSIVE;
				CLANG_WARN_UNREACHABLE_CODE = YES;
				CLANG_WARN__DUPLICATE_METHOD_MATCH = YES;
				COPY_PHASE_STRIP = NO;
				DEBUG_INFORMATION_FORMAT = "dwarf-with-dsym";
				DEVELOPMENT_TEAM = 84TRSZD4QB;
				ENABLE_NS_ASSERTIONS = NO;
				ENABLE_STRICT_OBJC_MSGSEND = YES;
				ENABLE_USER_SCRIPT_SANDBOXING = YES;
				GCC_C_LANGUAGE_STANDARD = gnu17;
				GCC_NO_COMMON_BLOCKS = YES;
				GCC_WARN_64_TO_32_BIT_CONVERSION = YES;
				GCC_WARN_ABOUT_RETURN_TYPE = YES_ERROR;
				GCC_WARN_UNDECLARED_SELECTOR = YES;
				GCC_WARN_UNINITIALIZED_AUTOS = YES_AGGRESSIVE;
				GCC_WARN_UNUSED_FUNCTION = YES;
				GCC_WARN_UNUSED_VARIABLE = YES;
				IPHONEOS_DEPLOYMENT_TARGET = 26.0;
				LOCALIZATION_PREFERS_STRING_CATALOGS = YES;
				MTL_ENABLE_DEBUG_INFO = NO;
				MTL_FAST_MATH = YES;
				SDKROOT = iphoneos;
				SWIFT_COMPILATION_MODE = wholemodule;
				VALIDATE_PRODUCT = YES;
			};
			name = Release;
		};
		8C6628EE2E6C526D00EEE097 /* Debug */ = {
			isa = XCBuildConfiguration;
			buildSettings = {
				ASSETCATALOG_COMPILER_APPICON_NAME = AppIcon;
				ASSETCATALOG_COMPILER_GLOBAL_ACCENT_COLOR_NAME = AccentColor;
				CODE_SIGN_STYLE = Automatic;
				CURRENT_PROJECT_VERSION = 1;
				DEVELOPMENT_TEAM = 84TRSZD4QB;
                                ENABLE_PREVIEWS = YES;
                                GENERATE_INFOPLIST_FILE = YES;
                                INFOPLIST_KEY_NSCameraUsageDescription = "This app needs camera access to build an emoji mosaic.";
                                INFOPLIST_KEY_UIApplicationSceneManifest_Generation = YES;
                                INFOPLIST_KEY_UIApplicationSupportsIndirectInputEvents = YES;
                                INFOPLIST_KEY_UILaunchScreen_Generation = YES;
                                INFOPLIST_KEY_UISupportedInterfaceOrientations_iPad = "UIInterfaceOrientationPortrait UIInterfaceOrientationPortraitUpsideDown UIInterfaceOrientationLandscapeLeft UIInterfaceOrientationLandscapeRight";
                                INFOPLIST_KEY_UISupportedInterfaceOrientations_iPhone = "UIInterfaceOrientationPortrait UIInterfaceOrientationLandscapeLeft UIInterfaceOrientationLandscapeRight";
				LD_RUNPATH_SEARCH_PATHS = (
					"$(inherited)",
					"@executable_path/Frameworks",
				);
				MARKETING_VERSION = 1.0;
				PRODUCT_BUNDLE_IDENTIFIER = lian.EmojiCam;
				PRODUCT_NAME = "$(TARGET_NAME)";
				STRING_CATALOG_GENERATE_SYMBOLS = YES;
				SWIFT_DEFAULT_ACTOR_ISOLATION = MainActor;
				SWIFT_EMIT_LOC_STRINGS = YES;
				SWIFT_UPCOMING_FEATURE_MEMBER_IMPORT_VISIBILITY = YES;
				SWIFT_VERSION = 5.0;
				TARGETED_DEVICE_FAMILY = "1,2";
			};
			name = Debug;
		};
		8C6628EF2E6C526D00EEE097 /* Release */ = {
			isa = XCBuildConfiguration;
			buildSettings = {
				ASSETCATALOG_COMPILER_APPICON_NAME = AppIcon;
				ASSETCATALOG_COMPILER_GLOBAL_ACCENT_COLOR_NAME = AccentColor;
				CODE_SIGN_STYLE = Automatic;
				CURRENT_PROJECT_VERSION = 1;
				DEVELOPMENT_TEAM = 84TRSZD4QB;
                                ENABLE_PREVIEWS = YES;
                                GENERATE_INFOPLIST_FILE = YES;
                                INFOPLIST_KEY_NSCameraUsageDescription = "This app needs camera access to build an emoji mosaic.";
                                INFOPLIST_KEY_UIApplicationSceneManifest_Generation = YES;
                                INFOPLIST_KEY_UIApplicationSupportsIndirectInputEvents = YES;
                                INFOPLIST_KEY_UILaunchScreen_Generation = YES;
                                INFOPLIST_KEY_UISupportedInterfaceOrientations_iPad = "UIInterfaceOrientationPortrait UIInterfaceOrientationPortraitUpsideDown UIInterfaceOrientationLandscapeLeft UIInterfaceOrientationLandscapeRight";
                                INFOPLIST_KEY_UISupportedInterfaceOrientations_iPhone = "UIInterfaceOrientationPortrait UIInterfaceOrientationLandscapeLeft UIInterfaceOrientationLandscapeRight";
				LD_RUNPATH_SEARCH_PATHS = (
					"$(inherited)",
					"@executable_path/Frameworks",
				);
				MARKETING_VERSION = 1.0;
				PRODUCT_BUNDLE_IDENTIFIER = lian.EmojiCam;
				PRODUCT_NAME = "$(TARGET_NAME)";
				STRING_CATALOG_GENERATE_SYMBOLS = YES;
				SWIFT_DEFAULT_ACTOR_ISOLATION = MainActor;
				SWIFT_EMIT_LOC_STRINGS = YES;
				SWIFT_UPCOMING_FEATURE_MEMBER_IMPORT_VISIBILITY = YES;
				SWIFT_VERSION = 5.0;
				TARGETED_DEVICE_FAMILY = "1,2";
			};
			name = Release;
		};
		8C6628F12E6C526D00EEE097 /* Debug */ = {
			isa = XCBuildConfiguration;
			buildSettings = {
				BUNDLE_LOADER = "$(TEST_HOST)";
				CODE_SIGN_STYLE = Automatic;
				CURRENT_PROJECT_VERSION = 1;
				DEVELOPMENT_TEAM = 84TRSZD4QB;
				GENERATE_INFOPLIST_FILE = YES;
				IPHONEOS_DEPLOYMENT_TARGET = 26.0;
				MARKETING_VERSION = 1.0;
				PRODUCT_BUNDLE_IDENTIFIER = lian.EmojiCamTests;
				PRODUCT_NAME = "$(TARGET_NAME)";
				STRING_CATALOG_GENERATE_SYMBOLS = NO;
				SWIFT_EMIT_LOC_STRINGS = NO;
				SWIFT_UPCOMING_FEATURE_MEMBER_IMPORT_VISIBILITY = YES;
				SWIFT_VERSION = 5.0;
				TARGETED_DEVICE_FAMILY = "1,2";
				TEST_HOST = "$(BUILT_PRODUCTS_DIR)/EmojiCam.app/$(BUNDLE_EXECUTABLE_FOLDER_PATH)/EmojiCam";
			};
			name = Debug;
		};
		8C6628F22E6C526D00EEE097 /* Release */ = {
			isa = XCBuildConfiguration;
			buildSettings = {
				BUNDLE_LOADER = "$(TEST_HOST)";
				CODE_SIGN_STYLE = Automatic;
				CURRENT_PROJECT_VERSION = 1;
				DEVELOPMENT_TEAM = 84TRSZD4QB;
				GENERATE_INFOPLIST_FILE = YES;
				IPHONEOS_DEPLOYMENT_TARGET = 26.0;
				MARKETING_VERSION = 1.0;
				PRODUCT_BUNDLE_IDENTIFIER = lian.EmojiCamTests;
				PRODUCT_NAME = "$(TARGET_NAME)";
				STRING_CATALOG_GENERATE_SYMBOLS = NO;
				SWIFT_EMIT_LOC_STRINGS = NO;
				SWIFT_UPCOMING_FEATURE_MEMBER_IMPORT_VISIBILITY = YES;
				SWIFT_VERSION = 5.0;
				TARGETED_DEVICE_FAMILY = "1,2";
				TEST_HOST = "$(BUILT_PRODUCTS_DIR)/EmojiCam.app/$(BUNDLE_EXECUTABLE_FOLDER_PATH)/EmojiCam";
			};
			name = Release;
		};
		8C6628F42E6C526D00EEE097 /* Debug */ = {
			isa = XCBuildConfiguration;
			buildSettings = {
				CODE_SIGN_STYLE = Automatic;
				CURRENT_PROJECT_VERSION = 1;
				DEVELOPMENT_TEAM = 84TRSZD4QB;
				GENERATE_INFOPLIST_FILE = YES;
				MARKETING_VERSION = 1.0;
				PRODUCT_BUNDLE_IDENTIFIER = lian.EmojiCamUITests;
				PRODUCT_NAME = "$(TARGET_NAME)";
				STRING_CATALOG_GENERATE_SYMBOLS = NO;
				SWIFT_EMIT_LOC_STRINGS = NO;
				SWIFT_UPCOMING_FEATURE_MEMBER_IMPORT_VISIBILITY = YES;
				SWIFT_VERSION = 5.0;
				TARGETED_DEVICE_FAMILY = "1,2";
				TEST_TARGET_NAME = EmojiCam;
			};
			name = Debug;
		};
		8C6628F52E6C526D00EEE097 /* Release */ = {
			isa = XCBuildConfiguration;
			buildSettings = {
				CODE_SIGN_STYLE = Automatic;
				CURRENT_PROJECT_VERSION = 1;
				DEVELOPMENT_TEAM = 84TRSZD4QB;
				GENERATE_INFOPLIST_FILE = YES;
				MARKETING_VERSION = 1.0;
				PRODUCT_BUNDLE_IDENTIFIER = lian.EmojiCamUITests;
				PRODUCT_NAME = "$(TARGET_NAME)";
				STRING_CATALOG_GENERATE_SYMBOLS = NO;
				SWIFT_EMIT_LOC_STRINGS = NO;
				SWIFT_UPCOMING_FEATURE_MEMBER_IMPORT_VISIBILITY = YES;
				SWIFT_VERSION = 5.0;
				TARGETED_DEVICE_FAMILY = "1,2";
				TEST_TARGET_NAME = EmojiCam;
			};
			name = Release;
		};
/* End XCBuildConfiguration section */

/* Begin XCConfigurationList section */
		8C6628C72E6C526B00EEE097 /* Build configuration list for PBXProject "EmojiCam" */ = {
			isa = XCConfigurationList;
			buildConfigurations = (
				8C6628EB2E6C526D00EEE097 /* Debug */,
				8C6628EC2E6C526D00EEE097 /* Release */,
			);
			defaultConfigurationIsVisible = 0;
			defaultConfigurationName = Release;
		};
		8C6628ED2E6C526D00EEE097 /* Build configuration list for PBXNativeTarget "EmojiCam" */ = {
			isa = XCConfigurationList;
			buildConfigurations = (
				8C6628EE2E6C526D00EEE097 /* Debug */,
				8C6628EF2E6C526D00EEE097 /* Release */,
			);
			defaultConfigurationIsVisible = 0;
			defaultConfigurationName = Release;
		};
		8C6628F02E6C526D00EEE097 /* Build configuration list for PBXNativeTarget "EmojiCamTests" */ = {
			isa = XCConfigurationList;
			buildConfigurations = (
				8C6628F12E6C526D00EEE097 /* Debug */,
				8C6628F22E6C526D00EEE097 /* Release */,
			);
			defaultConfigurationIsVisible = 0;
			defaultConfigurationName = Release;
		};
		8C6628F32E6C526D00EEE097 /* Build configuration list for PBXNativeTarget "EmojiCamUITests" */ = {
			isa = XCConfigurationList;
			buildConfigurations = (
				8C6628F42E6C526D00EEE097 /* Debug */,
				8C6628F52E6C526D00EEE097 /* Release */,
			);
			defaultConfigurationIsVisible = 0;
			defaultConfigurationName = Release;
		};
/* End XCConfigurationList section */
	};
	rootObject = 8C6628C42E6C526B00EEE097 /* Project object */;
}
